// !$*UTF8*$!
{
	archiveVersion = 1;
	classes = {
	};
	objectVersion = 56;
	objects = {

/* Begin PBXBuildFile section */
		95A2C0942A12288E00CD7F87 /* Monthly.storyboard in Resources */ = {isa = PBXBuildFile; fileRef = 95A2C0932A12288E00CD7F87 /* Monthly.storyboard */; };
		95A2C0982A14AFAE00CD7F87 /* Daily.storyboard in Resources */ = {isa = PBXBuildFile; fileRef = 95A2C0972A14AFAE00CD7F87 /* Daily.storyboard */; };
		95A2C09C2A154AB000CD7F87 /* Analyze.storyboard in Resources */ = {isa = PBXBuildFile; fileRef = 95A2C09B2A154AB000CD7F87 /* Analyze.storyboard */; };
		95A2C09E2A15517600CD7F87 /* HomeVC.swift in Sources */ = {isa = PBXBuildFile; fileRef = 95A2C09D2A15517600CD7F87 /* HomeVC.swift */; };
		95A2C0A02A15568200CD7F87 /* TabarController.swift in Sources */ = {isa = PBXBuildFile; fileRef = 95A2C09F2A15568200CD7F87 /* TabarController.swift */; };
		95C5EEA929F6B370005B36B0 /* AppDelegate.swift in Sources */ = {isa = PBXBuildFile; fileRef = 95C5EEA829F6B370005B36B0 /* AppDelegate.swift */; };
		95C5EEAB29F6B370005B36B0 /* SceneDelegate.swift in Sources */ = {isa = PBXBuildFile; fileRef = 95C5EEAA29F6B370005B36B0 /* SceneDelegate.swift */; };
		95C5EEB529F6B371005B36B0 /* LaunchScreen.storyboard in Resources */ = {isa = PBXBuildFile; fileRef = 95C5EEB329F6B371005B36B0 /* LaunchScreen.storyboard */; };
		95C5EECB29F6EE02005B36B0 /* JoinPages.storyboard in Resources */ = {isa = PBXBuildFile; fileRef = 95C5EECA29F6EE02005B36B0 /* JoinPages.storyboard */; };
		95C5EED029F7F09E005B36B0 /* Colors.xcassets in Resources */ = {isa = PBXBuildFile; fileRef = 95C5EECF29F7F09E005B36B0 /* Colors.xcassets */; };
		95C5EED729F85E42005B36B0 /* HomePage.storyboard in Resources */ = {isa = PBXBuildFile; fileRef = 95C5EED629F85E42005B36B0 /* HomePage.storyboard */; };
		95C5EED929F86CC0005B36B0 /* Assets.xcassets in Resources */ = {isa = PBXBuildFile; fileRef = 95C5EED829F86CC0005B36B0 /* Assets.xcassets */; };
		95C5EEDE2A00F4FE005B36B0 /* Camera.storyboard in Resources */ = {isa = PBXBuildFile; fileRef = 95C5EEDD2A00F4FE005B36B0 /* Camera.storyboard */; };
		95C5EEE02A00F55C005B36B0 /* LogInView.swift in Sources */ = {isa = PBXBuildFile; fileRef = 95C5EEDF2A00F55C005B36B0 /* LogInView.swift */; };
		95E0D6332A25BDEC0011B0B5 /* UserModel.swift in Sources */ = {isa = PBXBuildFile; fileRef = 95E0D6322A25BDEC0011B0B5 /* UserModel.swift */; };
		95E0D6352A25C0060011B0B5 /* User.swift in Sources */ = {isa = PBXBuildFile; fileRef = 95E0D6342A25C0060011B0B5 /* User.swift */; };
		95E0D6372A25DA3C0011B0B5 /* SignUpView.swift in Sources */ = {isa = PBXBuildFile; fileRef = 95E0D6362A25DA3B0011B0B5 /* SignUpView.swift */; };
		95E0D63A2A25DC8A0011B0B5 /* SignUpModel.swift in Sources */ = {isa = PBXBuildFile; fileRef = 95E0D6392A25DC8A0011B0B5 /* SignUpModel.swift */; };
		95E0D63C2A25E20F0011B0B5 /* CompleteView.swift in Sources */ = {isa = PBXBuildFile; fileRef = 95E0D63B2A25E20F0011B0B5 /* CompleteView.swift */; };
		95E0D63E2A25F18E0011B0B5 /* TextFieldExtension.swift in Sources */ = {isa = PBXBuildFile; fileRef = 95E0D63D2A25F18E0011B0B5 /* TextFieldExtension.swift */; };
/* End PBXBuildFile section */

/* Begin PBXFileReference section */
		95A2C0932A12288E00CD7F87 /* Monthly.storyboard */ = {isa = PBXFileReference; lastKnownFileType = file.storyboard; path = Monthly.storyboard; sourceTree = "<group>"; };
		95A2C0972A14AFAE00CD7F87 /* Daily.storyboard */ = {isa = PBXFileReference; lastKnownFileType = file.storyboard; path = Daily.storyboard; sourceTree = "<group>"; };
		95A2C09B2A154AB000CD7F87 /* Analyze.storyboard */ = {isa = PBXFileReference; lastKnownFileType = file.storyboard; path = Analyze.storyboard; sourceTree = "<group>"; };
		95A2C09D2A15517600CD7F87 /* HomeVC.swift */ = {isa = PBXFileReference; lastKnownFileType = sourcecode.swift; name = HomeVC.swift; path = wonShot/Source/Presentation/Analyze/View/HomeVC.swift; sourceTree = SOURCE_ROOT; };
		95A2C09F2A15568200CD7F87 /* TabarController.swift */ = {isa = PBXFileReference; lastKnownFileType = sourcecode.swift; name = TabarController.swift; path = wonShot/Source/Presentation/Analyze/View/TabarController.swift; sourceTree = SOURCE_ROOT; };
		95C5EEA529F6B370005B36B0 /* wonShot.app */ = {isa = PBXFileReference; explicitFileType = wrapper.application; includeInIndex = 0; path = wonShot.app; sourceTree = BUILT_PRODUCTS_DIR; };
		95C5EEA829F6B370005B36B0 /* AppDelegate.swift */ = {isa = PBXFileReference; lastKnownFileType = sourcecode.swift; path = AppDelegate.swift; sourceTree = "<group>"; };
		95C5EEAA29F6B370005B36B0 /* SceneDelegate.swift */ = {isa = PBXFileReference; lastKnownFileType = sourcecode.swift; path = SceneDelegate.swift; sourceTree = "<group>"; };
		95C5EEB429F6B371005B36B0 /* Base */ = {isa = PBXFileReference; lastKnownFileType = file.storyboard; name = Base; path = Base.lproj/LaunchScreen.storyboard; sourceTree = "<group>"; };
		95C5EEB629F6B371005B36B0 /* Info.plist */ = {isa = PBXFileReference; lastKnownFileType = text.plist.xml; path = Info.plist; sourceTree = "<group>"; };
		95C5EECA29F6EE02005B36B0 /* JoinPages.storyboard */ = {isa = PBXFileReference; lastKnownFileType = file.storyboard; path = JoinPages.storyboard; sourceTree = "<group>"; };
		95C5EECF29F7F09E005B36B0 /* Colors.xcassets */ = {isa = PBXFileReference; lastKnownFileType = folder.assetcatalog; path = Colors.xcassets; sourceTree = "<group>"; };
		95C5EED629F85E42005B36B0 /* HomePage.storyboard */ = {isa = PBXFileReference; lastKnownFileType = file.storyboard; path = HomePage.storyboard; sourceTree = "<group>"; };
		95C5EED829F86CC0005B36B0 /* Assets.xcassets */ = {isa = PBXFileReference; lastKnownFileType = folder.assetcatalog; path = Assets.xcassets; sourceTree = "<group>"; };
		95C5EEDD2A00F4FE005B36B0 /* Camera.storyboard */ = {isa = PBXFileReference; lastKnownFileType = file.storyboard; path = Camera.storyboard; sourceTree = "<group>"; };
		95C5EEDF2A00F55C005B36B0 /* LogInView.swift */ = {isa = PBXFileReference; lastKnownFileType = sourcecode.swift; path = LogInView.swift; sourceTree = "<group>"; };
		95E0D6322A25BDEC0011B0B5 /* UserModel.swift */ = {isa = PBXFileReference; lastKnownFileType = sourcecode.swift; path = UserModel.swift; sourceTree = "<group>"; };
		95E0D6342A25C0060011B0B5 /* User.swift */ = {isa = PBXFileReference; lastKnownFileType = sourcecode.swift; path = User.swift; sourceTree = "<group>"; };
		95E0D6362A25DA3B0011B0B5 /* SignUpView.swift */ = {isa = PBXFileReference; lastKnownFileType = sourcecode.swift; path = SignUpView.swift; sourceTree = "<group>"; };
		95E0D6392A25DC8A0011B0B5 /* SignUpModel.swift */ = {isa = PBXFileReference; lastKnownFileType = sourcecode.swift; path = SignUpModel.swift; sourceTree = "<group>"; };
		95E0D63B2A25E20F0011B0B5 /* CompleteView.swift */ = {isa = PBXFileReference; lastKnownFileType = sourcecode.swift; path = CompleteView.swift; sourceTree = "<group>"; };
		95E0D63D2A25F18E0011B0B5 /* TextFieldExtension.swift */ = {isa = PBXFileReference; lastKnownFileType = sourcecode.swift; name = TextFieldExtension.swift; path = wonShot/Source/Common/Extensions/TextFieldExtension.swift; sourceTree = SOURCE_ROOT; };
/* End PBXFileReference section */

/* Begin PBXFrameworksBuildPhase section */
		95C5EEA229F6B370005B36B0 /* Frameworks */ = {
			isa = PBXFrameworksBuildPhase;
			buildActionMask = 2147483647;
			files = (
			);
			runOnlyForDeploymentPostprocessing = 0;
		};
/* End PBXFrameworksBuildPhase section */

/* Begin PBXGroup section */
		95A2C0912A12282100CD7F87 /* Monthly */ = {
			isa = PBXGroup;
			children = (
				95A2C0922A12287B00CD7F87 /* View */,
			);
			path = Monthly;
			sourceTree = "<group>";
		};
		95A2C0922A12287B00CD7F87 /* View */ = {
			isa = PBXGroup;
			children = (
				95A2C0932A12288E00CD7F87 /* Monthly.storyboard */,
			);
			path = View;
			sourceTree = "<group>";
		};
		95A2C0952A14AF8700CD7F87 /* Daily */ = {
			isa = PBXGroup;
			children = (
				95A2C0962A14AF9D00CD7F87 /* View */,
			);
			path = Daily;
			sourceTree = "<group>";
		};
		95A2C0962A14AF9D00CD7F87 /* View */ = {
			isa = PBXGroup;
			children = (
				95A2C0972A14AFAE00CD7F87 /* Daily.storyboard */,
			);
			path = View;
			sourceTree = "<group>";
		};
		95A2C0992A154A7800CD7F87 /* Analyze */ = {
			isa = PBXGroup;
			children = (
				95A2C09A2A154A9C00CD7F87 /* View */,
			);
			path = Analyze;
			sourceTree = "<group>";
		};
		95A2C09A2A154A9C00CD7F87 /* View */ = {
			isa = PBXGroup;
			children = (
				95A2C09B2A154AB000CD7F87 /* Analyze.storyboard */,
			);
			path = View;
			sourceTree = "<group>";
		};
		95C5EE9C29F6B370005B36B0 = {
			isa = PBXGroup;
			children = (
				95C5EEA729F6B370005B36B0 /* wonShot */,
				95C5EEA629F6B370005B36B0 /* Products */,
			);
			sourceTree = "<group>";
		};
		95C5EEA629F6B370005B36B0 /* Products */ = {
			isa = PBXGroup;
			children = (
				95C5EEA529F6B370005B36B0 /* wonShot.app */,
			);
			name = Products;
			sourceTree = "<group>";
		};
		95C5EEA729F6B370005B36B0 /* wonShot */ = {
			isa = PBXGroup;
			children = (
				95C5EEB629F6B371005B36B0 /* Info.plist */,
				95C5EEBC29F6BBF9005B36B0 /* Resource */,
				95C5EEBD29F6BC01005B36B0 /* Source */,
			);
			path = wonShot;
			sourceTree = "<group>";
		};
		95C5EEBC29F6BBF9005B36B0 /* Resource */ = {
			isa = PBXGroup;
			children = (
				95C5EEC129F6BC25005B36B0 /* Storyboards */,
				95C5EEC029F6BC1D005B36B0 /* Fonts */,
				95C5EEBF29F6BC15005B36B0 /* Colors */,
				95C5EEBE29F6BC0E005B36B0 /* Assets */,
			);
			path = Resource;
			sourceTree = "<group>";
		};
		95C5EEBD29F6BC01005B36B0 /* Source */ = {
			isa = PBXGroup;
			children = (
				95C5EEC229F6BC3C005B36B0 /* Application */,
				95C5EEC329F6BC44005B36B0 /* Common */,
				95C5EEC429F6BC51005B36B0 /* Presentation */,
				95C5EEC529F6BC5B005B36B0 /* Service */,
			);
			path = Source;
			sourceTree = "<group>";
		};
		95C5EEBE29F6BC0E005B36B0 /* Assets */ = {
			isa = PBXGroup;
			children = (
				95C5EED829F86CC0005B36B0 /* Assets.xcassets */,
			);
			path = Assets;
			sourceTree = "<group>";
		};
		95C5EEBF29F6BC15005B36B0 /* Colors */ = {
			isa = PBXGroup;
			children = (
				95C5EECF29F7F09E005B36B0 /* Colors.xcassets */,
			);
			path = Colors;
			sourceTree = "<group>";
		};
		95C5EEC029F6BC1D005B36B0 /* Fonts */ = {
			isa = PBXGroup;
			children = (
			);
			path = Fonts;
			sourceTree = "<group>";
		};
		95C5EEC129F6BC25005B36B0 /* Storyboards */ = {
			isa = PBXGroup;
			children = (
				95C5EEB329F6B371005B36B0 /* LaunchScreen.storyboard */,
			);
			path = Storyboards;
			sourceTree = "<group>";
		};
		95C5EEC229F6BC3C005B36B0 /* Application */ = {
			isa = PBXGroup;
			children = (
				95C5EEA829F6B370005B36B0 /* AppDelegate.swift */,
				95C5EEAA29F6B370005B36B0 /* SceneDelegate.swift */,
			);
			path = Application;
			sourceTree = "<group>";
		};
		95C5EEC329F6BC44005B36B0 /* Common */ = {
			isa = PBXGroup;
			children = (
				95E0D63F2A25F1930011B0B5 /* Extensions */,
			);
			path = Common;
			sourceTree = "<group>";
		};
		95C5EEC429F6BC51005B36B0 /* Presentation */ = {
			isa = PBXGroup;
			children = (
				95A2C0992A154A7800CD7F87 /* Analyze */,
				95A2C0952A14AF8700CD7F87 /* Daily */,
				95A2C0912A12282100CD7F87 /* Monthly */,
				95C5EEDA2A00F4BD005B36B0 /* Camera */,
				95C5EED129F85C62005B36B0 /* Home */,
				95C5EEC829F6ECF7005B36B0 /* Login */,
				95C5EEC629F6BFA9005B36B0 /* Common */,
			);
			path = Presentation;
			sourceTree = "<group>";
		};
		95C5EEC529F6BC5B005B36B0 /* Service */ = {
			isa = PBXGroup;
			children = (
			);
			path = Service;
			sourceTree = "<group>";
		};
		95C5EEC629F6BFA9005B36B0 /* Common */ = {
			isa = PBXGroup;
			children = (
			);
			path = Common;
			sourceTree = "<group>";
		};
		95C5EEC829F6ECF7005B36B0 /* Login */ = {
			isa = PBXGroup;
			children = (
				95E0D6382A25DA500011B0B5 /* Model */,
				95C5EEC929F6EDDA005B36B0 /* View */,
			);
			path = Login;
			sourceTree = "<group>";
		};
		95C5EEC929F6EDDA005B36B0 /* View */ = {
			isa = PBXGroup;
			children = (
				95C5EECA29F6EE02005B36B0 /* JoinPages.storyboard */,
				95C5EEDF2A00F55C005B36B0 /* LogInView.swift */,
				95E0D6362A25DA3B0011B0B5 /* SignUpView.swift */,
				95E0D63B2A25E20F0011B0B5 /* CompleteView.swift */,
			);
			path = View;
			sourceTree = "<group>";
		};
		95C5EED129F85C62005B36B0 /* Home */ = {
			isa = PBXGroup;
			children = (
				95C5EED329F85DE1005B36B0 /* View */,
				95C5EED229F85DD9005B36B0 /* Controller */,
			);
			path = Home;
			sourceTree = "<group>";
		};
		95C5EED229F85DD9005B36B0 /* Controller */ = {
			isa = PBXGroup;
			children = (
				95A2C09D2A15517600CD7F87 /* HomeVC.swift */,
				95A2C09F2A15568200CD7F87 /* TabarController.swift */,
			);
			path = Controller;
			sourceTree = "<group>";
		};
		95C5EED329F85DE1005B36B0 /* View */ = {
			isa = PBXGroup;
			children = (
				95C5EED629F85E42005B36B0 /* HomePage.storyboard */,
			);
			path = View;
			sourceTree = "<group>";
		};
		95C5EEDA2A00F4BD005B36B0 /* Camera */ = {
			isa = PBXGroup;
			children = (
				95C5EEDC2A00F4CE005B36B0 /* Controller */,
				95C5EEDB2A00F4C8005B36B0 /* View */,
			);
			path = Camera;
			sourceTree = "<group>";
		};
		95C5EEDB2A00F4C8005B36B0 /* View */ = {
			isa = PBXGroup;
			children = (
				95C5EEDD2A00F4FE005B36B0 /* Camera.storyboard */,
			);
			path = View;
			sourceTree = "<group>";
		};
		95C5EEDC2A00F4CE005B36B0 /* Controller */ = {
			isa = PBXGroup;
			children = (
			);
			path = Controller;
			sourceTree = "<group>";
		};
		95E0D6382A25DA500011B0B5 /* Model */ = {
			isa = PBXGroup;
			children = (
				95E0D6342A25C0060011B0B5 /* User.swift */,
				95E0D6322A25BDEC0011B0B5 /* UserModel.swift */,
				95E0D6392A25DC8A0011B0B5 /* SignUpModel.swift */,
			);
			path = Model;
			sourceTree = "<group>";
		};
		95E0D63F2A25F1930011B0B5 /* Extensions */ = {
			isa = PBXGroup;
			children = (
				95E0D63D2A25F18E0011B0B5 /* TextFieldExtension.swift */,
			);
			path = Extensions;
			sourceTree = "<group>";
		};
/* End PBXGroup section */

/* Begin PBXNativeTarget section */
		95C5EEA429F6B370005B36B0 /* wonShot */ = {
			isa = PBXNativeTarget;
			buildConfigurationList = 95C5EEB929F6B371005B36B0 /* Build configuration list for PBXNativeTarget "wonShot" */;
			buildPhases = (
				95C5EEA129F6B370005B36B0 /* Sources */,
				95C5EEA229F6B370005B36B0 /* Frameworks */,
				95C5EEA329F6B370005B36B0 /* Resources */,
			);
			buildRules = (
			);
			dependencies = (
			);
			name = wonShot;
			productName = wonShot;
			productReference = 95C5EEA529F6B370005B36B0 /* wonShot.app */;
			productType = "com.apple.product-type.application";
		};
/* End PBXNativeTarget section */

/* Begin PBXProject section */
		95C5EE9D29F6B370005B36B0 /* Project object */ = {
			isa = PBXProject;
			attributes = {
				BuildIndependentTargetsInParallel = 1;
				LastSwiftUpdateCheck = 1420;
				LastUpgradeCheck = 1420;
				TargetAttributes = {
					95C5EEA429F6B370005B36B0 = {
						CreatedOnToolsVersion = 14.2;
					};
				};
			};
			buildConfigurationList = 95C5EEA029F6B370005B36B0 /* Build configuration list for PBXProject "wonShot" */;
			compatibilityVersion = "Xcode 14.0";
			developmentRegion = en;
			hasScannedForEncodings = 0;
			knownRegions = (
				en,
				Base,
			);
			mainGroup = 95C5EE9C29F6B370005B36B0;
			productRefGroup = 95C5EEA629F6B370005B36B0 /* Products */;
			projectDirPath = "";
			projectRoot = "";
			targets = (
				95C5EEA429F6B370005B36B0 /* wonShot */,
			);
		};
/* End PBXProject section */

/* Begin PBXResourcesBuildPhase section */
		95C5EEA329F6B370005B36B0 /* Resources */ = {
			isa = PBXResourcesBuildPhase;
			buildActionMask = 2147483647;
			files = (
				95C5EEB529F6B371005B36B0 /* LaunchScreen.storyboard in Resources */,
				95A2C0942A12288E00CD7F87 /* Monthly.storyboard in Resources */,
				95A2C0982A14AFAE00CD7F87 /* Daily.storyboard in Resources */,
				95C5EEDE2A00F4FE005B36B0 /* Camera.storyboard in Resources */,
				95C5EED029F7F09E005B36B0 /* Colors.xcassets in Resources */,
				95A2C09C2A154AB000CD7F87 /* Analyze.storyboard in Resources */,
				95C5EED729F85E42005B36B0 /* HomePage.storyboard in Resources */,
				95C5EECB29F6EE02005B36B0 /* JoinPages.storyboard in Resources */,
				95C5EED929F86CC0005B36B0 /* Assets.xcassets in Resources */,
			);
			runOnlyForDeploymentPostprocessing = 0;
		};
/* End PBXResourcesBuildPhase section */

/* Begin PBXSourcesBuildPhase section */
		95C5EEA129F6B370005B36B0 /* Sources */ = {
			isa = PBXSourcesBuildPhase;
			buildActionMask = 2147483647;
			files = (
				95E0D6332A25BDEC0011B0B5 /* UserModel.swift in Sources */,
				95A2C09E2A15517600CD7F87 /* HomeVC.swift in Sources */,
				95C5EEA929F6B370005B36B0 /* AppDelegate.swift in Sources */,
				95E0D63A2A25DC8A0011B0B5 /* SignUpModel.swift in Sources */,
				95C5EEAB29F6B370005B36B0 /* SceneDelegate.swift in Sources */,
				95E0D63C2A25E20F0011B0B5 /* CompleteView.swift in Sources */,
				95E0D6372A25DA3C0011B0B5 /* SignUpView.swift in Sources */,
				95A2C0A02A15568200CD7F87 /* TabarController.swift in Sources */,
				95C5EEE02A00F55C005B36B0 /* LogInView.swift in Sources */,
				95E0D6352A25C0060011B0B5 /* User.swift in Sources */,
				95E0D63E2A25F18E0011B0B5 /* TextFieldExtension.swift in Sources */,
			);
			runOnlyForDeploymentPostprocessing = 0;
		};
/* End PBXSourcesBuildPhase section */

/* Begin PBXVariantGroup section */
		95C5EEB329F6B371005B36B0 /* LaunchScreen.storyboard */ = {
			isa = PBXVariantGroup;
			children = (
				95C5EEB429F6B371005B36B0 /* Base */,
			);
			name = LaunchScreen.storyboard;
			sourceTree = "<group>";
		};
/* End PBXVariantGroup section */

/* Begin XCBuildConfiguration section */
		95C5EEB729F6B371005B36B0 /* Debug */ = {
			isa = XCBuildConfiguration;
			buildSettings = {
				ALWAYS_SEARCH_USER_PATHS = NO;
				CLANG_ANALYZER_NONNULL = YES;
				CLANG_ANALYZER_NUMBER_OBJECT_CONVERSION = YES_AGGRESSIVE;
				CLANG_CXX_LANGUAGE_STANDARD = "gnu++20";
				CLANG_ENABLE_MODULES = YES;
				CLANG_ENABLE_OBJC_ARC = YES;
				CLANG_ENABLE_OBJC_WEAK = YES;
				CLANG_WARN_BLOCK_CAPTURE_AUTORELEASING = YES;
				CLANG_WARN_BOOL_CONVERSION = YES;
				CLANG_WARN_COMMA = YES;
				CLANG_WARN_CONSTANT_CONVERSION = YES;
				CLANG_WARN_DEPRECATED_OBJC_IMPLEMENTATIONS = YES;
				CLANG_WARN_DIRECT_OBJC_ISA_USAGE = YES_ERROR;
				CLANG_WARN_DOCUMENTATION_COMMENTS = YES;
				CLANG_WARN_EMPTY_BODY = YES;
				CLANG_WARN_ENUM_CONVERSION = YES;
				CLANG_WARN_INFINITE_RECURSION = YES;
				CLANG_WARN_INT_CONVERSION = YES;
				CLANG_WARN_NON_LITERAL_NULL_CONVERSION = YES;
				CLANG_WARN_OBJC_IMPLICIT_RETAIN_SELF = YES;
				CLANG_WARN_OBJC_LITERAL_CONVERSION = YES;
				CLANG_WARN_OBJC_ROOT_CLASS = YES_ERROR;
				CLANG_WARN_QUOTED_INCLUDE_IN_FRAMEWORK_HEADER = YES;
				CLANG_WARN_RANGE_LOOP_ANALYSIS = YES;
				CLANG_WARN_STRICT_PROTOTYPES = YES;
				CLANG_WARN_SUSPICIOUS_MOVE = YES;
				CLANG_WARN_UNGUARDED_AVAILABILITY = YES_AGGRESSIVE;
				CLANG_WARN_UNREACHABLE_CODE = YES;
				CLANG_WARN__DUPLICATE_METHOD_MATCH = YES;
				COPY_PHASE_STRIP = NO;
				DEBUG_INFORMATION_FORMAT = dwarf;
				ENABLE_STRICT_OBJC_MSGSEND = YES;
				ENABLE_TESTABILITY = YES;
				GCC_C_LANGUAGE_STANDARD = gnu11;
				GCC_DYNAMIC_NO_PIC = NO;
				GCC_NO_COMMON_BLOCKS = YES;
				GCC_OPTIMIZATION_LEVEL = 0;
				GCC_PREPROCESSOR_DEFINITIONS = (
					"DEBUG=1",
					"$(inherited)",
				);
				GCC_WARN_64_TO_32_BIT_CONVERSION = YES;
				GCC_WARN_ABOUT_RETURN_TYPE = YES_ERROR;
				GCC_WARN_UNDECLARED_SELECTOR = YES;
				GCC_WARN_UNINITIALIZED_AUTOS = YES_AGGRESSIVE;
				GCC_WARN_UNUSED_FUNCTION = YES;
				GCC_WARN_UNUSED_VARIABLE = YES;
				IPHONEOS_DEPLOYMENT_TARGET = 16.2;
				MTL_ENABLE_DEBUG_INFO = INCLUDE_SOURCE;
				MTL_FAST_MATH = YES;
				ONLY_ACTIVE_ARCH = YES;
				SDKROOT = iphoneos;
				SWIFT_ACTIVE_COMPILATION_CONDITIONS = DEBUG;
				SWIFT_OPTIMIZATION_LEVEL = "-Onone";
			};
			name = Debug;
		};
		95C5EEB829F6B371005B36B0 /* Release */ = {
			isa = XCBuildConfiguration;
			buildSettings = {
				ALWAYS_SEARCH_USER_PATHS = NO;
				CLANG_ANALYZER_NONNULL = YES;
				CLANG_ANALYZER_NUMBER_OBJECT_CONVERSION = YES_AGGRESSIVE;
				CLANG_CXX_LANGUAGE_STANDARD = "gnu++20";
				CLANG_ENABLE_MODULES = YES;
				CLANG_ENABLE_OBJC_ARC = YES;
				CLANG_ENABLE_OBJC_WEAK = YES;
				CLANG_WARN_BLOCK_CAPTURE_AUTORELEASING = YES;
				CLANG_WARN_BOOL_CONVERSION = YES;
				CLANG_WARN_COMMA = YES;
				CLANG_WARN_CONSTANT_CONVERSION = YES;
				CLANG_WARN_DEPRECATED_OBJC_IMPLEMENTATIONS = YES;
				CLANG_WARN_DIRECT_OBJC_ISA_USAGE = YES_ERROR;
				CLANG_WARN_DOCUMENTATION_COMMENTS = YES;
				CLANG_WARN_EMPTY_BODY = YES;
				CLANG_WARN_ENUM_CONVERSION = YES;
				CLANG_WARN_INFINITE_RECURSION = YES;
				CLANG_WARN_INT_CONVERSION = YES;
				CLANG_WARN_NON_LITERAL_NULL_CONVERSION = YES;
				CLANG_WARN_OBJC_IMPLICIT_RETAIN_SELF = YES;
				CLANG_WARN_OBJC_LITERAL_CONVERSION = YES;
				CLANG_WARN_OBJC_ROOT_CLASS = YES_ERROR;
				CLANG_WARN_QUOTED_INCLUDE_IN_FRAMEWORK_HEADER = YES;
				CLANG_WARN_RANGE_LOOP_ANALYSIS = YES;
				CLANG_WARN_STRICT_PROTOTYPES = YES;
				CLANG_WARN_SUSPICIOUS_MOVE = YES;
				CLANG_WARN_UNGUARDED_AVAILABILITY = YES_AGGRESSIVE;
				CLANG_WARN_UNREACHABLE_CODE = YES;
				CLANG_WARN__DUPLICATE_METHOD_MATCH = YES;
				COPY_PHASE_STRIP = NO;
				DEBUG_INFORMATION_FORMAT = "dwarf-with-dsym";
				ENABLE_NS_ASSERTIONS = NO;
				ENABLE_STRICT_OBJC_MSGSEND = YES;
				GCC_C_LANGUAGE_STANDARD = gnu11;
				GCC_NO_COMMON_BLOCKS = YES;
				GCC_WARN_64_TO_32_BIT_CONVERSION = YES;
				GCC_WARN_ABOUT_RETURN_TYPE = YES_ERROR;
				GCC_WARN_UNDECLARED_SELECTOR = YES;
				GCC_WARN_UNINITIALIZED_AUTOS = YES_AGGRESSIVE;
				GCC_WARN_UNUSED_FUNCTION = YES;
				GCC_WARN_UNUSED_VARIABLE = YES;
				IPHONEOS_DEPLOYMENT_TARGET = 16.2;
				MTL_ENABLE_DEBUG_INFO = NO;
				MTL_FAST_MATH = YES;
				SDKROOT = iphoneos;
				SWIFT_COMPILATION_MODE = wholemodule;
				SWIFT_OPTIMIZATION_LEVEL = "-O";
				VALIDATE_PRODUCT = YES;
			};
			name = Release;
		};
		95C5EEBA29F6B371005B36B0 /* Debug */ = {
			isa = XCBuildConfiguration;
			buildSettings = {
				ASSETCATALOG_COMPILER_APPICON_NAME = AppIcon;
				ASSETCATALOG_COMPILER_GLOBAL_ACCENT_COLOR_NAME = AccentColor;
				CODE_SIGN_STYLE = Automatic;
				CURRENT_PROJECT_VERSION = 1;
				GENERATE_INFOPLIST_FILE = YES;
				INFOPLIST_FILE = wonShot/Info.plist;
				INFOPLIST_KEY_UIApplicationSupportsIndirectInputEvents = YES;
				INFOPLIST_KEY_UILaunchStoryboardName = LaunchScreen;
				INFOPLIST_KEY_UISupportedInterfaceOrientations_iPad = "UIInterfaceOrientationPortrait UIInterfaceOrientationPortraitUpsideDown UIInterfaceOrientationLandscapeLeft UIInterfaceOrientationLandscapeRight";
				INFOPLIST_KEY_UISupportedInterfaceOrientations_iPhone = "UIInterfaceOrientationPortrait UIInterfaceOrientationLandscapeLeft UIInterfaceOrientationLandscapeRight";
				LD_RUNPATH_SEARCH_PATHS = (
					"$(inherited)",
					"@executable_path/Frameworks",
				);
				MARKETING_VERSION = 1.0;
				PRODUCT_BUNDLE_IDENTIFIER = WONkill.wonShot;
				PRODUCT_NAME = "$(TARGET_NAME)";
				SWIFT_EMIT_LOC_STRINGS = YES;
				SWIFT_VERSION = 5.0;
				TARGETED_DEVICE_FAMILY = "1,2";
			};
			name = Debug;
		};
		95C5EEBB29F6B371005B36B0 /* Release */ = {
			isa = XCBuildConfiguration;
			buildSettings = {
				ASSETCATALOG_COMPILER_APPICON_NAME = AppIcon;
				ASSETCATALOG_COMPILER_GLOBAL_ACCENT_COLOR_NAME = AccentColor;
				CODE_SIGN_STYLE = Automatic;
				CURRENT_PROJECT_VERSION = 1;
				GENERATE_INFOPLIST_FILE = YES;
				INFOPLIST_FILE = wonShot/Info.plist;
				INFOPLIST_KEY_UIApplicationSupportsIndirectInputEvents = YES;
				INFOPLIST_KEY_UILaunchStoryboardName = LaunchScreen;
				INFOPLIST_KEY_UISupportedInterfaceOrientations_iPad = "UIInterfaceOrientationPortrait UIInterfaceOrientationPortraitUpsideDown UIInterfaceOrientationLandscapeLeft UIInterfaceOrientationLandscapeRight";
				INFOPLIST_KEY_UISupportedInterfaceOrientations_iPhone = "UIInterfaceOrientationPortrait UIInterfaceOrientationLandscapeLeft UIInterfaceOrientationLandscapeRight";
				LD_RUNPATH_SEARCH_PATHS = (
					"$(inherited)",
					"@executable_path/Frameworks",
				);
				MARKETING_VERSION = 1.0;
				PRODUCT_BUNDLE_IDENTIFIER = WONkill.wonShot;
				PRODUCT_NAME = "$(TARGET_NAME)";
				SWIFT_EMIT_LOC_STRINGS = YES;
				SWIFT_VERSION = 5.0;
				TARGETED_DEVICE_FAMILY = "1,2";
			};
			name = Release;
		};
/* End XCBuildConfiguration section */

/* Begin XCConfigurationList section */
		95C5EEA029F6B370005B36B0 /* Build configuration list for PBXProject "wonShot" */ = {
			isa = XCConfigurationList;
			buildConfigurations = (
				95C5EEB729F6B371005B36B0 /* Debug */,
				95C5EEB829F6B371005B36B0 /* Release */,
			);
			defaultConfigurationIsVisible = 0;
			defaultConfigurationName = Release;
		};
		95C5EEB929F6B371005B36B0 /* Build configuration list for PBXNativeTarget "wonShot" */ = {
			isa = XCConfigurationList;
			buildConfigurations = (
				95C5EEBA29F6B371005B36B0 /* Debug */,
				95C5EEBB29F6B371005B36B0 /* Release */,
			);
			defaultConfigurationIsVisible = 0;
			defaultConfigurationName = Release;
		};
/* End XCConfigurationList section */
	};
	rootObject = 95C5EE9D29F6B370005B36B0 /* Project object */;
}
